GIT
  remote: https://github.com/hudmol/xlsx_streaming_reader.git
  revision: f56716a4ba73cd5d19723346e8e732b2400e527e
  specs:
    xlsx_streaming_reader (0.0.1)

GEM
  remote: https://rubygems.org/
  specs:
    actionmailer (6.1.7.10)
      actionpack (= 6.1.7.10)
      actionview (= 6.1.7.10)
      activejob (= 6.1.7.10)
      activesupport (= 6.1.7.10)
      mail (~> 2.5, >= 2.5.4)
      rails-dom-testing (~> 2.0)
    actionpack (6.1.7.10)
      actionview (= 6.1.7.10)
      activesupport (= 6.1.7.10)
      rack (~> 2.0, >= 2.0.9)
      rack-test (>= 0.6.3)
      rails-dom-testing (~> 2.0)
      rails-html-sanitizer (~> 1.0, >= 1.2.0)
    actionview (6.1.7.10)
      activesupport (= 6.1.7.10)
      builder (~> 3.1)
      erubi (~> 1.4)
      rails-dom-testing (~> 2.0)
      rails-html-sanitizer (~> 1.1, >= 1.2.0)
    activejob (6.1.7.10)
      activesupport (= 6.1.7.10)
      globalid (>= 0.3.6)
    activesupport (6.1.7.10)
      concurrent-ruby (~> 1.0, >= 1.0.2)
      i18n (>= 1.6, < 2)
      minitest (>= 5.1)
      tzinfo (~> 2.0)
      zeitwerk (~> 2.3)
    addressable (2.8.8)
      public_suffix (>= 2.0.2, < 8.0)
    ast (2.4.3)
    atomic (1.1.101-java)
    base64 (0.3.0)
    bcrypt (3.1.21-java)
    bigdecimal (4.0.1-java)
    builder (3.3.0)
    cgi (0.3.1)
    childprocess (5.1.0)
      logger (~> 1.5)
    choice (0.2.0)
    coderay (1.1.3)
    concurrent-ruby (1.3.6)
    connection_pool (2.5.5)
    crass (1.0.6)
    csv (3.3.5)
    date (3.3.3-java)
    descendants_tracker (0.0.4)
      thread_safe (~> 0.3, >= 0.3.1)
    diff-lcs (1.6.2)
    docile (1.4.1)
    erb (2.2.3)
      cgi
    erubi (1.13.1)
    et-orbi (1.4.0)
      tzinfo
    factory_bot (6.5.6)
      activesupport (>= 6.1.0)
    faraday (1.10.4)
      faraday-em_http (~> 1.0)
      faraday-em_synchrony (~> 1.0)
      faraday-excon (~> 1.1)
      faraday-httpclient (~> 1.0)
      faraday-multipart (~> 1.0)
      faraday-net_http (~> 1.0)
      faraday-net_http_persistent (~> 1.0)
      faraday-patron (~> 1.0)
      faraday-rack (~> 1.0)
      faraday-retry (~> 1.0)
      ruby2_keywords (>= 0.0.4)
    faraday-em_http (1.0.0)
    faraday-em_synchrony (1.0.1)
    faraday-excon (1.1.0)
    faraday-follow_redirects (0.5.0)
      faraday (>= 1, < 3)
    faraday-httpclient (1.0.1)
    faraday-multipart (1.2.0)
      multipart-post (~> 2.0)
    faraday-net_http (1.0.2)
    faraday-net_http_persistent (1.2.0)
    faraday-patron (1.0.0)
    faraday-rack (1.0.0)
    faraday-retry (1.0.3)
    fastimage (2.4.0)
    ffi (1.17.3-java)
    fugit (1.12.1)
      et-orbi (~> 1.4)
      raabro (~> 1.4)
    git (2.3.3)
      activesupport (>= 5.0)
      addressable (~> 2.8)
      process_executer (~> 1.1)
      rchardet (~> 1.8)
    github_api (0.19.0)
      addressable (~> 2.4)
      descendants_tracker (~> 0.0.4)
      faraday (>= 0.8, < 2)
      hashie (~> 3.5, >= 3.5.2)
      oauth2 (~> 1.0)
    globalid (1.3.0)
      activesupport (>= 6.1)
    hashie (3.6.0)
    i18n (1.14.8)
      concurrent-ruby (~> 1.0)
    jdbc-derby (10.12.1.1)
    jdbc-mysql (9.1.0.1)
    jruby-jars (9.4.9.0)
    jruby-rack (1.2.6)
    json (2.18.0-java)
    json-schema (1.0.12)
    jwt (2.10.2)
      base64
    language_server-protocol (3.17.0.5)
    logger (1.7.0)
    loofah (2.25.0)
      crass (~> 1.0.2)
      nokogiri (>= 1.12.0)
    mail (2.9.0)
      logger
      mini_mime (>= 0.1.1)
      net-imap
      net-pop
      net-smtp
    method_source (1.1.0)
    mini_mime (1.1.5)
    minitest (5.27.0)
    mizuno-aspace (9.4.44)
      childprocess (>= 0.2.6)
      choice (>= 0.1.0)
      ffi (>= 1.0.0)
      rack (>= 1.0.0)
    multi_json (1.19.1)
    multi_xml (0.6.0)
    multipart-post (2.4.1)
    mustermann (3.0.4)
      ruby2_keywords (~> 0.0.1)
    net-http-persistent (4.0.8)
      connection_pool (>= 2.2.4, < 4)
    net-imap (0.5.13)
      date
      net-protocol
    net-ldap (0.20.0)
      base64
      ostruct
    net-pop (0.1.2)
      net-protocol
    net-protocol (0.2.2)
      timeout
    net-smtp (0.5.1)
      net-protocol
    nkf (0.2.0-java)
    nokogiri (1.13.10-java)
      racc (~> 1.4)
    oai (1.3.0)
      builder (>= 3.1.0)
      faraday (< 3)
      faraday-follow_redirects (>= 0.3.0, < 2)
      rexml
    oauth2 (1.4.11)
      faraday (>= 0.17.3, < 3.0)
      jwt (>= 1.0, < 3.0)
      multi_json (~> 1.3)
      multi_xml (~> 0.5)
      rack (>= 1.2, < 4)
    ostruct (0.6.3)
    parallel (1.27.0)
    parser (3.3.10.1)
      ast (~> 2.4.1)
      racc
    prism (1.8.0)
    process_executer (1.3.0)
    pry (0.14.2-java)
      coderay (~> 1.1)
      method_source (~> 1.0)
      spoon (~> 0.0)
    pry-debugger-jruby (2.2.1-java)
      pry (>= 0.13, < 0.16)
      ruby-debug-base (>= 0.10.4, < 0.12)
    pry-nav (1.0.0)
      pry (>= 0.9.10, < 0.15)
    public_suffix (6.0.2)
    raabro (1.4.0)
    racc (1.8.1-java)
    rack (2.2.21)
    rack-protection (3.2.0)
      base64 (>= 0.1.0)
      rack (~> 2.2, >= 2.2.4)
    rack-test (2.2.0)
      rack (>= 1.3)
    rails-dom-testing (2.3.0)
      activesupport (>= 5.0.0)
      minitest
      nokogiri (>= 1.6)
    rails-html-sanitizer (1.5.0)
      loofah (~> 2.19, >= 2.19.1)
    rainbow (3.1.1)
    rake (13.3.1)
    rchardet (1.10.0)
    regexp_parser (2.11.3)
    rexml (3.4.4)
    rrtf (1.3.1)
      fastimage
      nokogiri
      tidy
    rspec (3.13.2)
      rspec-core (~> 3.13.0)
      rspec-expectations (~> 3.13.0)
      rspec-mocks (~> 3.13.0)
    rspec-core (3.13.6)
      rspec-support (~> 3.13.0)
    rspec-expectations (3.13.5)
      diff-lcs (>= 1.2.0, < 2.0)
      rspec-support (~> 3.13.0)
    rspec-mocks (3.13.7)
      diff-lcs (>= 1.2.0, < 2.0)
      rspec-support (~> 3.13.0)
    rspec-support (3.13.6)
    rubocop (1.64.1)
      json (~> 2.3)
      language_server-protocol (>= 3.17.0)
      parallel (~> 1.10)
      parser (>= 3.3.0.2)
      rainbow (>= 2.2.2, < 4.0)
      regexp_parser (>= 1.8, < 3.0)
      rexml (>= 3.2.5, < 4.0)
      rubocop-ast (>= 1.31.1, < 2.0)
      ruby-progressbar (~> 1.7)
      unicode-display_width (>= 2.4.0, < 3.0)
    rubocop-ast (1.49.0)
      parser (>= 3.3.7.2)
      prism (~> 1.7)
    ruby-debug-base (0.11.1-java)
    ruby-progressbar (1.13.0)
    ruby2_keywords (0.0.5)
    rubyXL (3.4.35)
      nokogiri (>= 1.10.8)
      rubyzip (>= 3.2.2)
    rubyzip (3.2.2)
    rufus-lru (1.1.0)
    rufus-scheduler (3.9.2)
      fugit (~> 1.1, >= 1.11.1)
    saxerator (0.9.2)
      nokogiri (>= 1.4.0)
    saxon-rb (0.8.3-java)
    sequel (5.100.0)
      bigdecimal
    simplecov (0.22.0)
      docile (~> 1.1)
      simplecov-html (~> 0.11)
      simplecov_json_formatter (~> 0.1)
    simplecov-html (0.13.2)
    simplecov_json_formatter (0.1.4)
    sinatra (3.2.0)
      mustermann (~> 3.0)
      rack (~> 2.2, >= 2.2.4)
      rack-protection (= 3.2.0)
      tilt (~> 2.0)
    sinatra-contrib (3.2.0)
      multi_json (>= 0.0.2)
      mustermann (~> 3.0)
      rack-protection (= 3.2.0)
      sinatra (= 3.2.0)
      tilt (~> 2.0)
    spoon (0.0.6)
      ffi
    thor (1.5.0)
    thread_safe (0.3.6-java)
    tidy (1.1.2)
    tilt (2.7.0)
    timeout (0.6.0)
    tzinfo (2.0.6)
      concurrent-ruby (~> 1.0)
    tzinfo-data (1.2025.3)
      tzinfo (>= 1.0.0)
    unicode-display_width (2.6.0)
    warbler (2.1.0)
      jruby-jars (>= 9.4, < 10.1)
      jruby-rack (>= 1.2.3, < 1.3)
      ostruct (~> 0.6.2)
      rake (~> 13.0, >= 13.0.3)
      rexml (~> 3.0)
      rubyzip (>= 3.0.0)
    write_xlsx (1.12.3)
      nkf
      rubyzip (>= 2.4.0, < 4.0)
    yard (0.9.38)
    zeitwerk (2.6.18)

PLATFORMS
  universal-java-11
  universal-java-17
  universal-java-21

DEPENDENCIES
  actionmailer (~> 6.1.6)
  activesupport (~> 6.1.6)
  addressable
  atomic
  bcrypt
  cgi (= 0.3.1)
  childprocess
  csv
  date (= 3.3.3)
  erb
  factory_bot
  faraday
  git (~> 2.3)
  github_api
  i18n (~> 1.0)
  jdbc-derby
  jdbc-mysql (>= 8.0)
  jruby-jars (= 9.4.9.0)
  json
  json-schema (~> 1.0.10)
  mizuno-aspace
  multipart-post (~> 2.4)
  net-http-persistent (>= 4.0.1)
  net-ldap
  nokogiri (~> 1.13.10)
  oai (~> 1.2)
  pry
  pry-debugger-jruby
  pry-nav
  rack-test
  rake
  rexml
  rrtf
  rspec
  rspec-core
  rubocop (~> 1.64.1)
  rubyXL
  rufus-lru
  rufus-scheduler
  saxerator (= 0.9.2)
  saxon-rb
  sequel
  simplecov
  sinatra (~> 3.2)
  sinatra-contrib (~> 3.2)
  thor
  tzinfo
  tzinfo-data
  warbler
  write_xlsx
  xlsx_streaming_reader!
  yard

BUNDLED WITH
   2.6.9
